
Microsoft Visual Studio Solution File, Format Version 12.00
Project("{FAE04EC0-301F-11D3-BF4B-00C04F79EFBC}") = "ShopApi", "ShopApi\ShopApi.csproj", "{673F26C2-CA62-4B35-8989-6454BC11689A}"
EndProject
Global
	GlobalSection(SolutionConfigurationPlatforms) = preSolution
		Debug|Any CPU = Debug|Any CPU
		Release|Any CPU = Release|Any CPU
	EndGlobalSection
	GlobalSection(ProjectConfigurationPlatforms) = postSolution
		{673F26C2-CA62-4B35-8989-6454BC11689A}.Debug|Any CPU.ActiveCfg = Debug|Any CPU
		{673F26C2-CA62-4B35-8989-6454BC11689A}.Debug|Any CPU.Build.0 = Debug|Any CPU
		{673F26C2-CA62-4B35-8989-6454BC11689A}.Release|Any CPU.ActiveCfg = Release|Any CPU
		{673F26C2-CA62-4B35-8989-6454BC11689A}.Release|Any CPU.Build.0 = Release|Any CPU
	EndGlobalSection
EndGlobal
